
Microsoft Visual Studio Solution File, Format Version 12.00
# Visual Studio 15
VisualStudioVersion = 15.0.28307.421
MinimumVisualStudioVersion = 10.0.40219.1
Project("{FAE04EC0-301F-11D3-BF4B-00C04F79EFBC}") = "AppVentas", "AppAlertas\AppVentas.csproj", "{C9A503E9-2984-42FF-AFC5-C3432096B679}"
EndProject
Project("{FAE04EC0-301F-11D3-BF4B-00C04F79EFBC}") = "lnVentas", "lnAppAlerta\lnVentas.csproj", "{1E594D03-8FCF-4F36-818F-5C010E06AF6E}"
EndProject
Global
	GlobalSection(SolutionConfigurationPlatforms) = preSolution
		Debug|Any CPU = Debug|Any CPU
		Release|Any CPU = Release|Any CPU
	EndGlobalSection
	GlobalSection(ProjectConfigurationPlatforms) = postSolution
		{C9A503E9-2984-42FF-AFC5-C3432096B679}.Debug|Any CPU.ActiveCfg = Debug|Any CPU
		{C9A503E9-2984-42FF-AFC5-C3432096B679}.Debug|Any CPU.Build.0 = Debug|Any CPU
		{C9A503E9-2984-42FF-AFC5-C3432096B679}.Release|Any CPU.ActiveCfg = Release|Any CPU
		{C9A503E9-2984-42FF-AFC5-C3432096B679}.Release|Any CPU.Build.0 = Release|Any CPU
		{1E594D03-8FCF-4F36-818F-5C010E06AF6E}.Debug|Any CPU.ActiveCfg = Debug|Any CPU
		{1E594D03-8FCF-4F36-818F-5C010E06AF6E}.Debug|Any CPU.Build.0 = Debug|Any CPU
		{1E594D03-8FCF-4F36-818F-5C010E06AF6E}.Release|Any CPU.ActiveCfg = Release|Any CPU
		{1E594D03-8FCF-4F36-818F-5C010E06AF6E}.Release|Any CPU.Build.0 = Release|Any CPU
	EndGlobalSection
	GlobalSection(SolutionProperties) = preSolution
		HideSolutionNode = FALSE
	EndGlobalSection
	GlobalSection(ExtensibilityGlobals) = postSolution
		SolutionGuid = {870804CE-C8EC-4F2B-BAC4-DD32F142D5E3}
	EndGlobalSection
EndGlobal
